// !$*UTF8*$!
{
	archiveVersion = 1;
	classes = {
	};
	objectVersion = 56;
	objects = {

/* Begin PBXBuildFile section */
		2516701228D00C35005D8593 /* TwitterXApp.swift in Sources */ = {isa = PBXBuildFile; fileRef = 2516701128D00C35005D8593 /* TwitterXApp.swift */; };
		2516701428D00C35005D8593 /* ContentView.swift in Sources */ = {isa = PBXBuildFile; fileRef = 2516701328D00C35005D8593 /* ContentView.swift */; };
		2516701628D00C36005D8593 /* Assets.xcassets in Resources */ = {isa = PBXBuildFile; fileRef = 2516701528D00C36005D8593 /* Assets.xcassets */; };
		2516701928D00C36005D8593 /* Preview Assets.xcassets in Resources */ = {isa = PBXBuildFile; fileRef = 2516701828D00C36005D8593 /* Preview Assets.xcassets */; };
		2516701B28D00C36005D8593 /* Persistence.swift in Sources */ = {isa = PBXBuildFile; fileRef = 2516701A28D00C36005D8593 /* Persistence.swift */; };
		2516701E28D00C36005D8593 /* TwitterX.xcdatamodeld in Sources */ = {isa = PBXBuildFile; fileRef = 2516701C28D00C36005D8593 /* TwitterX.xcdatamodeld */; };
		2516702828D00C36005D8593 /* TwitterXTests.swift in Sources */ = {isa = PBXBuildFile; fileRef = 2516702728D00C36005D8593 /* TwitterXTests.swift */; };
		2516703228D00C36005D8593 /* TwitterXUITests.swift in Sources */ = {isa = PBXBuildFile; fileRef = 2516703128D00C36005D8593 /* TwitterXUITests.swift */; };
		2516703428D00C36005D8593 /* TwitterXUITestsLaunchTests.swift in Sources */ = {isa = PBXBuildFile; fileRef = 2516703328D00C36005D8593 /* TwitterXUITestsLaunchTests.swift */; };
		2516704128D00D38005D8593 /* .gitignore in Resources */ = {isa = PBXBuildFile; fileRef = 2516704028D00D38005D8593 /* .gitignore */; };
		25BDC09F28D012B200B48DB4 /* TwitterXAuthentication.xcdatamodeld in Sources */ = {isa = PBXBuildFile; fileRef = 25BDC09D28D012B200B48DB4 /* TwitterXAuthentication.xcdatamodeld */; };
		25BDC0A328D0171800B48DB4 /* DBHelperAuthentication.swift in Sources */ = {isa = PBXBuildFile; fileRef = 25BDC0A228D0171800B48DB4 /* DBHelperAuthentication.swift */; };
		25BDC0A728D02C5A00B48DB4 /* TimeStamp.swift in Sources */ = {isa = PBXBuildFile; fileRef = 25BDC0A628D02C5A00B48DB4 /* TimeStamp.swift */; };
/* End PBXBuildFile section */

/* Begin PBXContainerItemProxy section */
		2516702428D00C36005D8593 /* PBXContainerItemProxy */ = {
			isa = PBXContainerItemProxy;
			containerPortal = 2516700628D00C34005D8593 /* Project object */;
			proxyType = 1;
			remoteGlobalIDString = 2516700D28D00C35005D8593;
			remoteInfo = TwitterX;
		};
		2516702E28D00C36005D8593 /* PBXContainerItemProxy */ = {
			isa = PBXContainerItemProxy;
			containerPortal = 2516700628D00C34005D8593 /* Project object */;
			proxyType = 1;
			remoteGlobalIDString = 2516700D28D00C35005D8593;
			remoteInfo = TwitterX;
		};
/* End PBXContainerItemProxy section */

/* Begin PBXFileReference section */
		2516700E28D00C35005D8593 /* TwitterX.app */ = {isa = PBXFileReference; explicitFileType = wrapper.application; includeInIndex = 0; path = TwitterX.app; sourceTree = BUILT_PRODUCTS_DIR; };
		2516701128D00C35005D8593 /* TwitterXApp.swift */ = {isa = PBXFileReference; lastKnownFileType = sourcecode.swift; path = TwitterXApp.swift; sourceTree = "<group>"; };
		2516701328D00C35005D8593 /* ContentView.swift */ = {isa = PBXFileReference; lastKnownFileType = sourcecode.swift; path = ContentView.swift; sourceTree = "<group>"; };
		2516701528D00C36005D8593 /* Assets.xcassets */ = {isa = PBXFileReference; lastKnownFileType = folder.assetcatalog; path = Assets.xcassets; sourceTree = "<group>"; };
		2516701828D00C36005D8593 /* Preview Assets.xcassets */ = {isa = PBXFileReference; lastKnownFileType = folder.assetcatalog; path = "Preview Assets.xcassets"; sourceTree = "<group>"; };
		2516701A28D00C36005D8593 /* Persistence.swift */ = {isa = PBXFileReference; lastKnownFileType = sourcecode.swift; path = Persistence.swift; sourceTree = "<group>"; };
		2516701D28D00C36005D8593 /* TwitterX.xcdatamodel */ = {isa = PBXFileReference; lastKnownFileType = wrapper.xcdatamodel; path = TwitterX.xcdatamodel; sourceTree = "<group>"; };
		2516702328D00C36005D8593 /* TwitterXTests.xctest */ = {isa = PBXFileReference; explicitFileType = wrapper.cfbundle; includeInIndex = 0; path = TwitterXTests.xctest; sourceTree = BUILT_PRODUCTS_DIR; };
		2516702728D00C36005D8593 /* TwitterXTests.swift */ = {isa = PBXFileReference; lastKnownFileType = sourcecode.swift; path = TwitterXTests.swift; sourceTree = "<group>"; };
		2516702D28D00C36005D8593 /* TwitterXUITests.xctest */ = {isa = PBXFileReference; explicitFileType = wrapper.cfbundle; includeInIndex = 0; path = TwitterXUITests.xctest; sourceTree = BUILT_PRODUCTS_DIR; };
		2516703128D00C36005D8593 /* TwitterXUITests.swift */ = {isa = PBXFileReference; lastKnownFileType = sourcecode.swift; path = TwitterXUITests.swift; sourceTree = "<group>"; };
		2516703328D00C36005D8593 /* TwitterXUITestsLaunchTests.swift */ = {isa = PBXFileReference; lastKnownFileType = sourcecode.swift; path = TwitterXUITestsLaunchTests.swift; sourceTree = "<group>"; };
		2516704028D00D38005D8593 /* .gitignore */ = {isa = PBXFileReference; fileEncoding = 4; lastKnownFileType = text; path = .gitignore; sourceTree = "<group>"; };
		25BDC09E28D012B200B48DB4 /* TwitterXAuthentication.xcdatamodel */ = {isa = PBXFileReference; lastKnownFileType = wrapper.xcdatamodel; path = TwitterXAuthentication.xcdatamodel; sourceTree = "<group>"; };
		25BDC0A228D0171800B48DB4 /* DBHelperAuthentication.swift */ = {isa = PBXFileReference; lastKnownFileType = sourcecode.swift; path = DBHelperAuthentication.swift; sourceTree = "<group>"; };
		25BDC0A628D02C5A00B48DB4 /* TimeStamp.swift */ = {isa = PBXFileReference; lastKnownFileType = sourcecode.swift; path = TimeStamp.swift; sourceTree = "<group>"; };
/* End PBXFileReference section */

/* Begin PBXFrameworksBuildPhase section */
		2516700B28D00C35005D8593 /* Frameworks */ = {
			isa = PBXFrameworksBuildPhase;
			buildActionMask = 2147483647;
			files = (
			);
			runOnlyForDeploymentPostprocessing = 0;
		};
		2516702028D00C36005D8593 /* Frameworks */ = {
			isa = PBXFrameworksBuildPhase;
			buildActionMask = 2147483647;
			files = (
			);
			runOnlyForDeploymentPostprocessing = 0;
		};
		2516702A28D00C36005D8593 /* Frameworks */ = {
			isa = PBXFrameworksBuildPhase;
			buildActionMask = 2147483647;
			files = (
			);
			runOnlyForDeploymentPostprocessing = 0;
		};
/* End PBXFrameworksBuildPhase section */

/* Begin PBXGroup section */
		2516700528D00C34005D8593 = {
			isa = PBXGroup;
			children = (
				2516704028D00D38005D8593 /* .gitignore */,
				2516701028D00C35005D8593 /* TwitterX */,
				2516702628D00C36005D8593 /* TwitterXTests */,
				2516703028D00C36005D8593 /* TwitterXUITests */,
				2516700F28D00C35005D8593 /* Products */,
			);
			sourceTree = "<group>";
		};
		2516700F28D00C35005D8593 /* Products */ = {
			isa = PBXGroup;
			children = (
				2516700E28D00C35005D8593 /* TwitterX.app */,
				2516702328D00C36005D8593 /* TwitterXTests.xctest */,
				2516702D28D00C36005D8593 /* TwitterXUITests.xctest */,
			);
			name = Products;
			sourceTree = "<group>";
		};
		2516701028D00C35005D8593 /* TwitterX */ = {
			isa = PBXGroup;
			children = (
				2516701128D00C35005D8593 /* TwitterXApp.swift */,
				25BDC0A628D02C5A00B48DB4 /* TimeStamp.swift */,
				25BDC09B28D0126B00B48DB4 /* Models */,
				2516701328D00C35005D8593 /* ContentView.swift */,
				2516701528D00C36005D8593 /* Assets.xcassets */,
				2516701A28D00C36005D8593 /* Persistence.swift */,
				2516701C28D00C36005D8593 /* TwitterX.xcdatamodeld */,
				2516701728D00C36005D8593 /* Preview Content */,
			);
			path = TwitterX;
			sourceTree = "<group>";
		};
		2516701728D00C36005D8593 /* Preview Content */ = {
			isa = PBXGroup;
			children = (
				2516701828D00C36005D8593 /* Preview Assets.xcassets */,
			);
			path = "Preview Content";
			sourceTree = "<group>";
		};
		2516702628D00C36005D8593 /* TwitterXTests */ = {
			isa = PBXGroup;
			children = (
				2516702728D00C36005D8593 /* TwitterXTests.swift */,
			);
			path = TwitterXTests;
			sourceTree = "<group>";
		};
		2516703028D00C36005D8593 /* TwitterXUITests */ = {
			isa = PBXGroup;
			children = (
				2516703128D00C36005D8593 /* TwitterXUITests.swift */,
				2516703328D00C36005D8593 /* TwitterXUITestsLaunchTests.swift */,
			);
			path = TwitterXUITests;
			sourceTree = "<group>";
		};
		25BDC09B28D0126B00B48DB4 /* Models */ = {
			isa = PBXGroup;
			children = (
				25BDC09C28D0127D00B48DB4 /* Authentication */,
			);
			path = Models;
			sourceTree = "<group>";
		};
		25BDC09C28D0127D00B48DB4 /* Authentication */ = {
			isa = PBXGroup;
			children = (
				25BDC09D28D012B200B48DB4 /* TwitterXAuthentication.xcdatamodeld */,
				25BDC0A228D0171800B48DB4 /* DBHelperAuthentication.swift */,
			);
			path = Authentication;
			sourceTree = "<group>";
		};
/* End PBXGroup section */

/* Begin PBXNativeTarget section */
		2516700D28D00C35005D8593 /* TwitterX */ = {
			isa = PBXNativeTarget;
			buildConfigurationList = 2516703728D00C36005D8593 /* Build configuration list for PBXNativeTarget "TwitterX" */;
			buildPhases = (
				2516700A28D00C35005D8593 /* Sources */,
				2516700B28D00C35005D8593 /* Frameworks */,
				2516700C28D00C35005D8593 /* Resources */,
			);
			buildRules = (
			);
			dependencies = (
			);
			name = TwitterX;
			productName = TwitterX;
			productReference = 2516700E28D00C35005D8593 /* TwitterX.app */;
			productType = "com.apple.product-type.application";
		};
		2516702228D00C36005D8593 /* TwitterXTests */ = {
			isa = PBXNativeTarget;
			buildConfigurationList = 2516703A28D00C36005D8593 /* Build configuration list for PBXNativeTarget "TwitterXTests" */;
			buildPhases = (
				2516701F28D00C36005D8593 /* Sources */,
				2516702028D00C36005D8593 /* Frameworks */,
				2516702128D00C36005D8593 /* Resources */,
			);
			buildRules = (
			);
			dependencies = (
				2516702528D00C36005D8593 /* PBXTargetDependency */,
			);
			name = TwitterXTests;
			productName = TwitterXTests;
			productReference = 2516702328D00C36005D8593 /* TwitterXTests.xctest */;
			productType = "com.apple.product-type.bundle.unit-test";
		};
		2516702C28D00C36005D8593 /* TwitterXUITests */ = {
			isa = PBXNativeTarget;
			buildConfigurationList = 2516703D28D00C36005D8593 /* Build configuration list for PBXNativeTarget "TwitterXUITests" */;
			buildPhases = (
				2516702928D00C36005D8593 /* Sources */,
				2516702A28D00C36005D8593 /* Frameworks */,
				2516702B28D00C36005D8593 /* Resources */,
			);
			buildRules = (
			);
			dependencies = (
				2516702F28D00C36005D8593 /* PBXTargetDependency */,
			);
			name = TwitterXUITests;
			productName = TwitterXUITests;
			productReference = 2516702D28D00C36005D8593 /* TwitterXUITests.xctest */;
			productType = "com.apple.product-type.bundle.ui-testing";
		};
/* End PBXNativeTarget section */

/* Begin PBXProject section */
		2516700628D00C34005D8593 /* Project object */ = {
			isa = PBXProject;
			attributes = {
				BuildIndependentTargetsInParallel = 1;
				LastSwiftUpdateCheck = 1400;
				LastUpgradeCheck = 1400;
				TargetAttributes = {
					2516700D28D00C35005D8593 = {
						CreatedOnToolsVersion = 14.0;
					};
					2516702228D00C36005D8593 = {
						CreatedOnToolsVersion = 14.0;
						TestTargetID = 2516700D28D00C35005D8593;
					};
					2516702C28D00C36005D8593 = {
						CreatedOnToolsVersion = 14.0;
						TestTargetID = 2516700D28D00C35005D8593;
					};
				};
			};
			buildConfigurationList = 2516700928D00C34005D8593 /* Build configuration list for PBXProject "TwitterX" */;
			compatibilityVersion = "Xcode 14.0";
			developmentRegion = en;
			hasScannedForEncodings = 0;
			knownRegions = (
				en,
				Base,
			);
			mainGroup = 2516700528D00C34005D8593;
			productRefGroup = 2516700F28D00C35005D8593 /* Products */;
			projectDirPath = "";
			projectRoot = "";
			targets = (
				2516700D28D00C35005D8593 /* TwitterX */,
				2516702228D00C36005D8593 /* TwitterXTests */,
				2516702C28D00C36005D8593 /* TwitterXUITests */,
			);
		};
/* End PBXProject section */

/* Begin PBXResourcesBuildPhase section */
		2516700C28D00C35005D8593 /* Resources */ = {
			isa = PBXResourcesBuildPhase;
			buildActionMask = 2147483647;
			files = (
				2516701928D00C36005D8593 /* Preview Assets.xcassets in Resources */,
				2516704128D00D38005D8593 /* .gitignore in Resources */,
				2516701628D00C36005D8593 /* Assets.xcassets in Resources */,
			);
			runOnlyForDeploymentPostprocessing = 0;
		};
		2516702128D00C36005D8593 /* Resources */ = {
			isa = PBXResourcesBuildPhase;
			buildActionMask = 2147483647;
			files = (
			);
			runOnlyForDeploymentPostprocessing = 0;
		};
		2516702B28D00C36005D8593 /* Resources */ = {
			isa = PBXResourcesBuildPhase;
			buildActionMask = 2147483647;
			files = (
			);
			runOnlyForDeploymentPostprocessing = 0;
		};
/* End PBXResourcesBuildPhase section */

/* Begin PBXSourcesBuildPhase section */
		2516700A28D00C35005D8593 /* Sources */ = {
			isa = PBXSourcesBuildPhase;
			buildActionMask = 2147483647;
			files = (
				2516701E28D00C36005D8593 /* TwitterX.xcdatamodeld in Sources */,
				25BDC0A328D0171800B48DB4 /* DBHelperAuthentication.swift in Sources */,
				25BDC09F28D012B200B48DB4 /* TwitterXAuthentication.xcdatamodeld in Sources */,
				2516701B28D00C36005D8593 /* Persistence.swift in Sources */,
				25BDC0A728D02C5A00B48DB4 /* TimeStamp.swift in Sources */,
				2516701428D00C35005D8593 /* ContentView.swift in Sources */,
				2516701228D00C35005D8593 /* TwitterXApp.swift in Sources */,
			);
			runOnlyForDeploymentPostprocessing = 0;
		};
		2516701F28D00C36005D8593 /* Sources */ = {
			isa = PBXSourcesBuildPhase;
			buildActionMask = 2147483647;
			files = (
				2516702828D00C36005D8593 /* TwitterXTests.swift in Sources */,
			);
			runOnlyForDeploymentPostprocessing = 0;
		};
		2516702928D00C36005D8593 /* Sources */ = {
			isa = PBXSourcesBuildPhase;
			buildActionMask = 2147483647;
			files = (
				2516703428D00C36005D8593 /* TwitterXUITestsLaunchTests.swift in Sources */,
				2516703228D00C36005D8593 /* TwitterXUITests.swift in Sources */,
			);
			runOnlyForDeploymentPostprocessing = 0;
		};
/* End PBXSourcesBuildPhase section */

/* Begin PBXTargetDependency section */
		2516702528D00C36005D8593 /* PBXTargetDependency */ = {
			isa = PBXTargetDependency;
			target = 2516700D28D00C35005D8593 /* TwitterX */;
			targetProxy = 2516702428D00C36005D8593 /* PBXContainerItemProxy */;
		};
		2516702F28D00C36005D8593 /* PBXTargetDependency */ = {
			isa = PBXTargetDependency;
			target = 2516700D28D00C35005D8593 /* TwitterX */;
			targetProxy = 2516702E28D00C36005D8593 /* PBXContainerItemProxy */;
		};
/* End PBXTargetDependency section */

/* Begin XCBuildConfiguration section */
		2516703528D00C36005D8593 /* Debug */ = {
			isa = XCBuildConfiguration;
			buildSettings = {
				ALWAYS_SEARCH_USER_PATHS = NO;
				CLANG_ANALYZER_NONNULL = YES;
				CLANG_ANALYZER_NUMBER_OBJECT_CONVERSION = YES_AGGRESSIVE;
				CLANG_CXX_LANGUAGE_STANDARD = "gnu++20";
				CLANG_ENABLE_MODULES = YES;
				CLANG_ENABLE_OBJC_ARC = YES;
				CLANG_ENABLE_OBJC_WEAK = YES;
				CLANG_WARN_BLOCK_CAPTURE_AUTORELEASING = YES;
				CLANG_WARN_BOOL_CONVERSION = YES;
				CLANG_WARN_COMMA = YES;
				CLANG_WARN_CONSTANT_CONVERSION = YES;
				CLANG_WARN_DEPRECATED_OBJC_IMPLEMENTATIONS = YES;
				CLANG_WARN_DIRECT_OBJC_ISA_USAGE = YES_ERROR;
				CLANG_WARN_DOCUMENTATION_COMMENTS = YES;
				CLANG_WARN_EMPTY_BODY = YES;
				CLANG_WARN_ENUM_CONVERSION = YES;
				CLANG_WARN_INFINITE_RECURSION = YES;
				CLANG_WARN_INT_CONVERSION = YES;
				CLANG_WARN_NON_LITERAL_NULL_CONVERSION = YES;
				CLANG_WARN_OBJC_IMPLICIT_RETAIN_SELF = YES;
				CLANG_WARN_OBJC_LITERAL_CONVERSION = YES;
				CLANG_WARN_OBJC_ROOT_CLASS = YES_ERROR;
				CLANG_WARN_QUOTED_INCLUDE_IN_FRAMEWORK_HEADER = YES;
				CLANG_WARN_RANGE_LOOP_ANALYSIS = YES;
				CLANG_WARN_STRICT_PROTOTYPES = YES;
				CLANG_WARN_SUSPICIOUS_MOVE = YES;
				CLANG_WARN_UNGUARDED_AVAILABILITY = YES_AGGRESSIVE;
				CLANG_WARN_UNREACHABLE_CODE = YES;
				CLANG_WARN__DUPLICATE_METHOD_MATCH = YES;
				COPY_PHASE_STRIP = NO;
				DEBUG_INFORMATION_FORMAT = dwarf;
				ENABLE_STRICT_OBJC_MSGSEND = YES;
				ENABLE_TESTABILITY = YES;
				GCC_C_LANGUAGE_STANDARD = gnu11;
				GCC_DYNAMIC_NO_PIC = NO;
				GCC_NO_COMMON_BLOCKS = YES;
				GCC_OPTIMIZATION_LEVEL = 0;
				GCC_PREPROCESSOR_DEFINITIONS = (
					"DEBUG=1",
					"$(inherited)",
				);
				GCC_WARN_64_TO_32_BIT_CONVERSION = YES;
				GCC_WARN_ABOUT_RETURN_TYPE = YES_ERROR;
				GCC_WARN_UNDECLARED_SELECTOR = YES;
				GCC_WARN_UNINITIALIZED_AUTOS = YES_AGGRESSIVE;
				GCC_WARN_UNUSED_FUNCTION = YES;
				GCC_WARN_UNUSED_VARIABLE = YES;
				IPHONEOS_DEPLOYMENT_TARGET = 16.0;
				MTL_ENABLE_DEBUG_INFO = INCLUDE_SOURCE;
				MTL_FAST_MATH = YES;
				ONLY_ACTIVE_ARCH = YES;
				SDKROOT = iphoneos;
				SWIFT_ACTIVE_COMPILATION_CONDITIONS = DEBUG;
				SWIFT_OPTIMIZATION_LEVEL = "-Onone";
			};
			name = Debug;
		};
		2516703628D00C36005D8593 /* Release */ = {
			isa = XCBuildConfiguration;
			buildSettings = {
				ALWAYS_SEARCH_USER_PATHS = NO;
				CLANG_ANALYZER_NONNULL = YES;
				CLANG_ANALYZER_NUMBER_OBJECT_CONVERSION = YES_AGGRESSIVE;
				CLANG_CXX_LANGUAGE_STANDARD = "gnu++20";
				CLANG_ENABLE_MODULES = YES;
				CLANG_ENABLE_OBJC_ARC = YES;
				CLANG_ENABLE_OBJC_WEAK = YES;
				CLANG_WARN_BLOCK_CAPTURE_AUTORELEASING = YES;
				CLANG_WARN_BOOL_CONVERSION = YES;
				CLANG_WARN_COMMA = YES;
				CLANG_WARN_CONSTANT_CONVERSION = YES;
				CLANG_WARN_DEPRECATED_OBJC_IMPLEMENTATIONS = YES;
				CLANG_WARN_DIRECT_OBJC_ISA_USAGE = YES_ERROR;
				CLANG_WARN_DOCUMENTATION_COMMENTS = YES;
				CLANG_WARN_EMPTY_BODY = YES;
				CLANG_WARN_ENUM_CONVERSION = YES;
				CLANG_WARN_INFINITE_RECURSION = YES;
				CLANG_WARN_INT_CONVERSION = YES;
				CLANG_WARN_NON_LITERAL_NULL_CONVERSION = YES;
				CLANG_WARN_OBJC_IMPLICIT_RETAIN_SELF = YES;
				CLANG_WARN_OBJC_LITERAL_CONVERSION = YES;
				CLANG_WARN_OBJC_ROOT_CLASS = YES_ERROR;
				CLANG_WARN_QUOTED_INCLUDE_IN_FRAMEWORK_HEADER = YES;
				CLANG_WARN_RANGE_LOOP_ANALYSIS = YES;
				CLANG_WARN_STRICT_PROTOTYPES = YES;
				CLANG_WARN_SUSPICIOUS_MOVE = YES;
				CLANG_WARN_UNGUARDED_AVAILABILITY = YES_AGGRESSIVE;
				CLANG_WARN_UNREACHABLE_CODE = YES;
				CLANG_WARN__DUPLICATE_METHOD_MATCH = YES;
				COPY_PHASE_STRIP = NO;
				DEBUG_INFORMATION_FORMAT = "dwarf-with-dsym";
				ENABLE_NS_ASSERTIONS = NO;
				ENABLE_STRICT_OBJC_MSGSEND = YES;
				GCC_C_LANGUAGE_STANDARD = gnu11;
				GCC_NO_COMMON_BLOCKS = YES;
				GCC_WARN_64_TO_32_BIT_CONVERSION = YES;
				GCC_WARN_ABOUT_RETURN_TYPE = YES_ERROR;
				GCC_WARN_UNDECLARED_SELECTOR = YES;
				GCC_WARN_UNINITIALIZED_AUTOS = YES_AGGRESSIVE;
				GCC_WARN_UNUSED_FUNCTION = YES;
				GCC_WARN_UNUSED_VARIABLE = YES;
				IPHONEOS_DEPLOYMENT_TARGET = 16.0;
				MTL_ENABLE_DEBUG_INFO = NO;
				MTL_FAST_MATH = YES;
				SDKROOT = iphoneos;
				SWIFT_COMPILATION_MODE = wholemodule;
				SWIFT_OPTIMIZATION_LEVEL = "-O";
				VALIDATE_PRODUCT = YES;
			};
			name = Release;
		};
		2516703828D00C36005D8593 /* Debug */ = {
			isa = XCBuildConfiguration;
			buildSettings = {
				ASSETCATALOG_COMPILER_APPICON_NAME = AppIcon;
				ASSETCATALOG_COMPILER_GLOBAL_ACCENT_COLOR_NAME = AccentColor;
				CODE_SIGN_STYLE = Automatic;
				CURRENT_PROJECT_VERSION = 1;
				DEVELOPMENT_ASSET_PATHS = "\"TwitterX/Preview Content\"";
				ENABLE_PREVIEWS = YES;
				GENERATE_INFOPLIST_FILE = YES;
				INFOPLIST_KEY_UIApplicationSceneManifest_Generation = YES;
				INFOPLIST_KEY_UIApplicationSupportsIndirectInputEvents = YES;
				INFOPLIST_KEY_UILaunchScreen_Generation = YES;
				INFOPLIST_KEY_UISupportedInterfaceOrientations_iPad = "UIInterfaceOrientationPortrait UIInterfaceOrientationPortraitUpsideDown UIInterfaceOrientationLandscapeLeft UIInterfaceOrientationLandscapeRight";
				INFOPLIST_KEY_UISupportedInterfaceOrientations_iPhone = "UIInterfaceOrientationPortrait UIInterfaceOrientationLandscapeLeft UIInterfaceOrientationLandscapeRight";
				LD_RUNPATH_SEARCH_PATHS = (
					"$(inherited)",
					"@executable_path/Frameworks",
				);
				MARKETING_VERSION = 1.0;
				PRODUCT_BUNDLE_IDENTIFIER = com.xavier7t.TwitterX;
				PRODUCT_NAME = "$(TARGET_NAME)";
				SWIFT_EMIT_LOC_STRINGS = YES;
				SWIFT_VERSION = 5.0;
				TARGETED_DEVICE_FAMILY = "1,2";
			};
			name = Debug;
		};
		2516703928D00C36005D8593 /* Release */ = {
			isa = XCBuildConfiguration;
			buildSettings = {
				ASSETCATALOG_COMPILER_APPICON_NAME = AppIcon;
				ASSETCATALOG_COMPILER_GLOBAL_ACCENT_COLOR_NAME = AccentColor;
				CODE_SIGN_STYLE = Automatic;
				CURRENT_PROJECT_VERSION = 1;
				DEVELOPMENT_ASSET_PATHS = "\"TwitterX/Preview Content\"";
				ENABLE_PREVIEWS = YES;
				GENERATE_INFOPLIST_FILE = YES;
				INFOPLIST_KEY_UIApplicationSceneManifest_Generation = YES;
				INFOPLIST_KEY_UIApplicationSupportsIndirectInputEvents = YES;
				INFOPLIST_KEY_UILaunchScreen_Generation = YES;
				INFOPLIST_KEY_UISupportedInterfaceOrientations_iPad = "UIInterfaceOrientationPortrait UIInterfaceOrientationPortraitUpsideDown UIInterfaceOrientationLandscapeLeft UIInterfaceOrientationLandscapeRight";
				INFOPLIST_KEY_UISupportedInterfaceOrientations_iPhone = "UIInterfaceOrientationPortrait UIInterfaceOrientationLandscapeLeft UIInterfaceOrientationLandscapeRight";
				LD_RUNPATH_SEARCH_PATHS = (
					"$(inherited)",
					"@executable_path/Frameworks",
				);
				MARKETING_VERSION = 1.0;
				PRODUCT_BUNDLE_IDENTIFIER = com.xavier7t.TwitterX;
				PRODUCT_NAME = "$(TARGET_NAME)";
				SWIFT_EMIT_LOC_STRINGS = YES;
				SWIFT_VERSION = 5.0;
				TARGETED_DEVICE_FAMILY = "1,2";
			};
			name = Release;
		};
		2516703B28D00C36005D8593 /* Debug */ = {
			isa = XCBuildConfiguration;
			buildSettings = {
				ALWAYS_EMBED_SWIFT_STANDARD_LIBRARIES = YES;
				BUNDLE_LOADER = "$(TEST_HOST)";
				CODE_SIGN_STYLE = Automatic;
				CURRENT_PROJECT_VERSION = 1;
				GENERATE_INFOPLIST_FILE = YES;
				IPHONEOS_DEPLOYMENT_TARGET = 16.0;
				MARKETING_VERSION = 1.0;
				PRODUCT_BUNDLE_IDENTIFIER = com.xavier7t.TwitterXTests;
				PRODUCT_NAME = "$(TARGET_NAME)";
				SWIFT_EMIT_LOC_STRINGS = NO;
				SWIFT_VERSION = 5.0;
				TARGETED_DEVICE_FAMILY = "1,2";
				TEST_HOST = "$(BUILT_PRODUCTS_DIR)/TwitterX.app/$(BUNDLE_EXECUTABLE_FOLDER_PATH)/TwitterX";
			};
			name = Debug;
		};
		2516703C28D00C36005D8593 /* Release */ = {
			isa = XCBuildConfiguration;
			buildSettings = {
				ALWAYS_EMBED_SWIFT_STANDARD_LIBRARIES = YES;
				BUNDLE_LOADER = "$(TEST_HOST)";
				CODE_SIGN_STYLE = Automatic;
				CURRENT_PROJECT_VERSION = 1;
				GENERATE_INFOPLIST_FILE = YES;
				IPHONEOS_DEPLOYMENT_TARGET = 16.0;
				MARKETING_VERSION = 1.0;
				PRODUCT_BUNDLE_IDENTIFIER = com.xavier7t.TwitterXTests;
				PRODUCT_NAME = "$(TARGET_NAME)";
				SWIFT_EMIT_LOC_STRINGS = NO;
				SWIFT_VERSION = 5.0;
				TARGETED_DEVICE_FAMILY = "1,2";
				TEST_HOST = "$(BUILT_PRODUCTS_DIR)/TwitterX.app/$(BUNDLE_EXECUTABLE_FOLDER_PATH)/TwitterX";
			};
			name = Release;
		};
		2516703E28D00C36005D8593 /* Debug */ = {
			isa = XCBuildConfiguration;
			buildSettings = {
				ALWAYS_EMBED_SWIFT_STANDARD_LIBRARIES = YES;
				CODE_SIGN_STYLE = Automatic;
				CURRENT_PROJECT_VERSION = 1;
				GENERATE_INFOPLIST_FILE = YES;
				MARKETING_VERSION = 1.0;
				PRODUCT_BUNDLE_IDENTIFIER = com.xavier7t.TwitterXUITests;
				PRODUCT_NAME = "$(TARGET_NAME)";
				SWIFT_EMIT_LOC_STRINGS = NO;
				SWIFT_VERSION = 5.0;
				TARGETED_DEVICE_FAMILY = "1,2";
				TEST_TARGET_NAME = TwitterX;
			};
			name = Debug;
		};
		2516703F28D00C36005D8593 /* Release */ = {
			isa = XCBuildConfiguration;
			buildSettings = {
				ALWAYS_EMBED_SWIFT_STANDARD_LIBRARIES = YES;
				CODE_SIGN_STYLE = Automatic;
				CURRENT_PROJECT_VERSION = 1;
				GENERATE_INFOPLIST_FILE = YES;
				MARKETING_VERSION = 1.0;
				PRODUCT_BUNDLE_IDENTIFIER = com.xavier7t.TwitterXUITests;
				PRODUCT_NAME = "$(TARGET_NAME)";
				SWIFT_EMIT_LOC_STRINGS = NO;
				SWIFT_VERSION = 5.0;
				TARGETED_DEVICE_FAMILY = "1,2";
				TEST_TARGET_NAME = TwitterX;
			};
			name = Release;
		};
/* End XCBuildConfiguration section */

/* Begin XCConfigurationList section */
		2516700928D00C34005D8593 /* Build configuration list for PBXProject "TwitterX" */ = {
			isa = XCConfigurationList;
			buildConfigurations = (
				2516703528D00C36005D8593 /* Debug */,
				2516703628D00C36005D8593 /* Release */,
			);
			defaultConfigurationIsVisible = 0;
			defaultConfigurationName = Release;
		};
		2516703728D00C36005D8593 /* Build configuration list for PBXNativeTarget "TwitterX" */ = {
			isa = XCConfigurationList;
			buildConfigurations = (
				2516703828D00C36005D8593 /* Debug */,
				2516703928D00C36005D8593 /* Release */,
			);
			defaultConfigurationIsVisible = 0;
			defaultConfigurationName = Release;
		};
		2516703A28D00C36005D8593 /* Build configuration list for PBXNativeTarget "TwitterXTests" */ = {
			isa = XCConfigurationList;
			buildConfigurations = (
				2516703B28D00C36005D8593 /* Debug */,
				2516703C28D00C36005D8593 /* Release */,
			);
			defaultConfigurationIsVisible = 0;
			defaultConfigurationName = Release;
		};
		2516703D28D00C36005D8593 /* Build configuration list for PBXNativeTarget "TwitterXUITests" */ = {
			isa = XCConfigurationList;
			buildConfigurations = (
				2516703E28D00C36005D8593 /* Debug */,
				2516703F28D00C36005D8593 /* Release */,
			);
			defaultConfigurationIsVisible = 0;
			defaultConfigurationName = Release;
		};
/* End XCConfigurationList section */

/* Begin XCVersionGroup section */
		2516701C28D00C36005D8593 /* TwitterX.xcdatamodeld */ = {
			isa = XCVersionGroup;
			children = (
				2516701D28D00C36005D8593 /* TwitterX.xcdatamodel */,
			);
			currentVersion = 2516701D28D00C36005D8593 /* TwitterX.xcdatamodel */;
			path = TwitterX.xcdatamodeld;
			sourceTree = "<group>";
			versionGroupType = wrapper.xcdatamodel;
		};
		25BDC09D28D012B200B48DB4 /* TwitterXAuthentication.xcdatamodeld */ = {
			isa = XCVersionGroup;
			children = (
				25BDC09E28D012B200B48DB4 /* TwitterXAuthentication.xcdatamodel */,
			);
			currentVersion = 25BDC09E28D012B200B48DB4 /* TwitterXAuthentication.xcdatamodel */;
			path = TwitterXAuthentication.xcdatamodeld;
			sourceTree = "<group>";
			versionGroupType = wrapper.xcdatamodel;
		};
/* End XCVersionGroup section */
	};
	rootObject = 2516700628D00C34005D8593 /* Project object */;
}
